// !$*UTF8*$!
{
	archiveVersion = 1;
	classes = {
	};
	objectVersion = 55;
	objects = {

/* Begin PBXBuildFile section */
		D8C4819028392F9B00960667 /* RoadTripBuddyApp.swift in Sources */ = {isa = PBXBuildFile; fileRef = D8C4818F28392F9B00960667 /* RoadTripBuddyApp.swift */; };
		D8C4819228392F9B00960667 /* ContentView.swift in Sources */ = {isa = PBXBuildFile; fileRef = D8C4819128392F9B00960667 /* ContentView.swift */; };
		D8C4819428392F9D00960667 /* Assets.xcassets in Resources */ = {isa = PBXBuildFile; fileRef = D8C4819328392F9D00960667 /* Assets.xcassets */; };
		D8C4819728392F9D00960667 /* Preview Assets.xcassets in Resources */ = {isa = PBXBuildFile; fileRef = D8C4819628392F9D00960667 /* Preview Assets.xcassets */; };
		D8C4819F283930CE00960667 /* MapKit.framework in Frameworks */ = {isa = PBXBuildFile; fileRef = D8C4819E283930CE00960667 /* MapKit.framework */; };
		D8C481A12839316400960667 /* RoutingPage.swift in Sources */ = {isa = PBXBuildFile; fileRef = D8C481A02839316400960667 /* RoutingPage.swift */; };
		D8C481A328393C1300960667 /* LocationManager.swift in Sources */ = {isa = PBXBuildFile; fileRef = D8C481A228393C1300960667 /* LocationManager.swift */; };
		D8C481A52839499700960667 /* TargetChooser.swift in Sources */ = {isa = PBXBuildFile; fileRef = D8C481A42839499700960667 /* TargetChooser.swift */; };
		D8C481A728395D7B00960667 /* VisualEffectView.swift in Sources */ = {isa = PBXBuildFile; fileRef = D8C481A628395D7B00960667 /* VisualEffectView.swift */; };
/* End PBXBuildFile section */

/* Begin PBXFileReference section */
		D8C4818C28392F9B00960667 /* RoadTripBuddy.app */ = {isa = PBXFileReference; explicitFileType = wrapper.application; includeInIndex = 0; path = RoadTripBuddy.app; sourceTree = BUILT_PRODUCTS_DIR; };
		D8C4818F28392F9B00960667 /* RoadTripBuddyApp.swift */ = {isa = PBXFileReference; lastKnownFileType = sourcecode.swift; path = RoadTripBuddyApp.swift; sourceTree = "<group>"; };
		D8C4819128392F9B00960667 /* ContentView.swift */ = {isa = PBXFileReference; lastKnownFileType = sourcecode.swift; path = ContentView.swift; sourceTree = "<group>"; };
		D8C4819328392F9D00960667 /* Assets.xcassets */ = {isa = PBXFileReference; lastKnownFileType = folder.assetcatalog; path = Assets.xcassets; sourceTree = "<group>"; };
		D8C4819628392F9D00960667 /* Preview Assets.xcassets */ = {isa = PBXFileReference; lastKnownFileType = folder.assetcatalog; path = "Preview Assets.xcassets"; sourceTree = "<group>"; };
		D8C4819E283930CE00960667 /* MapKit.framework */ = {isa = PBXFileReference; lastKnownFileType = wrapper.framework; name = MapKit.framework; path = System/Library/Frameworks/MapKit.framework; sourceTree = SDKROOT; };
		D8C481A02839316400960667 /* RoutingPage.swift */ = {isa = PBXFileReference; lastKnownFileType = sourcecode.swift; path = RoutingPage.swift; sourceTree = "<group>"; };
		D8C481A228393C1300960667 /* LocationManager.swift */ = {isa = PBXFileReference; lastKnownFileType = sourcecode.swift; path = LocationManager.swift; sourceTree = "<group>"; };
		D8C481A42839499700960667 /* TargetChooser.swift */ = {isa = PBXFileReference; lastKnownFileType = sourcecode.swift; path = TargetChooser.swift; sourceTree = "<group>"; };
		D8C481A628395D7B00960667 /* VisualEffectView.swift */ = {isa = PBXFileReference; lastKnownFileType = sourcecode.swift; path = VisualEffectView.swift; sourceTree = "<group>"; };
/* End PBXFileReference section */

/* Begin PBXFrameworksBuildPhase section */
		D8C4818928392F9B00960667 /* Frameworks */ = {
			isa = PBXFrameworksBuildPhase;
			buildActionMask = 2147483647;
			files = (
				D8C4819F283930CE00960667 /* MapKit.framework in Frameworks */,
			);
			runOnlyForDeploymentPostprocessing = 0;
		};
/* End PBXFrameworksBuildPhase section */

/* Begin PBXGroup section */
		D8C4818328392F9B00960667 = {
			isa = PBXGroup;
			children = (
				D8C4818E28392F9B00960667 /* RoadTripBuddy */,
				D8C4818D28392F9B00960667 /* Products */,
				D8C4819D283930CE00960667 /* Frameworks */,
			);
			sourceTree = "<group>";
		};
		D8C4818D28392F9B00960667 /* Products */ = {
			isa = PBXGroup;
			children = (
				D8C4818C28392F9B00960667 /* RoadTripBuddy.app */,
			);
			name = Products;
			sourceTree = "<group>";
		};
		D8C4818E28392F9B00960667 /* RoadTripBuddy */ = {
			isa = PBXGroup;
			children = (
				D8C4818F28392F9B00960667 /* RoadTripBuddyApp.swift */,
				D8C4819128392F9B00960667 /* ContentView.swift */,
				D8C4819328392F9D00960667 /* Assets.xcassets */,
				D8C4819528392F9D00960667 /* Preview Content */,
				D8C481A02839316400960667 /* RoutingPage.swift */,
				D8C481A228393C1300960667 /* LocationManager.swift */,
				D8C481A42839499700960667 /* TargetChooser.swift */,
				D8C481A628395D7B00960667 /* VisualEffectView.swift */,
			);
			path = RoadTripBuddy;
			sourceTree = "<group>";
		};
		D8C4819528392F9D00960667 /* Preview Content */ = {
			isa = PBXGroup;
			children = (
				D8C4819628392F9D00960667 /* Preview Assets.xcassets */,
			);
			path = "Preview Content";
			sourceTree = "<group>";
		};
		D8C4819D283930CE00960667 /* Frameworks */ = {
			isa = PBXGroup;
			children = (
				D8C4819E283930CE00960667 /* MapKit.framework */,
			);
			name = Frameworks;
			sourceTree = "<group>";
		};
/* End PBXGroup section */

/* Begin PBXNativeTarget section */
		D8C4818B28392F9B00960667 /* RoadTripBuddy */ = {
			isa = PBXNativeTarget;
			buildConfigurationList = D8C4819A28392F9D00960667 /* Build configuration list for PBXNativeTarget "RoadTripBuddy" */;
			buildPhases = (
				D8C4818828392F9B00960667 /* Sources */,
				D8C4818928392F9B00960667 /* Frameworks */,
				D8C4818A28392F9B00960667 /* Resources */,
			);
			buildRules = (
			);
			dependencies = (
			);
			name = RoadTripBuddy;
			productName = RoadTripBuddy;
			productReference = D8C4818C28392F9B00960667 /* RoadTripBuddy.app */;
			productType = "com.apple.product-type.application";
		};
/* End PBXNativeTarget section */

/* Begin PBXProject section */
		D8C4818428392F9B00960667 /* Project object */ = {
			isa = PBXProject;
			attributes = {
				BuildIndependentTargetsInParallel = 1;
				LastSwiftUpdateCheck = 1320;
				LastUpgradeCheck = 1320;
				TargetAttributes = {
					D8C4818B28392F9B00960667 = {
						CreatedOnToolsVersion = 13.2.1;
					};
				};
			};
			buildConfigurationList = D8C4818728392F9B00960667 /* Build configuration list for PBXProject "RoadTripBuddy" */;
			compatibilityVersion = "Xcode 13.0";
			developmentRegion = en;
			hasScannedForEncodings = 0;
			knownRegions = (
				en,
				Base,
			);
			mainGroup = D8C4818328392F9B00960667;
			productRefGroup = D8C4818D28392F9B00960667 /* Products */;
			projectDirPath = "";
			projectRoot = "";
			targets = (
				D8C4818B28392F9B00960667 /* RoadTripBuddy */,
			);
		};
/* End PBXProject section */

/* Begin PBXResourcesBuildPhase section */
		D8C4818A28392F9B00960667 /* Resources */ = {
			isa = PBXResourcesBuildPhase;
			buildActionMask = 2147483647;
			files = (
				D8C4819728392F9D00960667 /* Preview Assets.xcassets in Resources */,
				D8C4819428392F9D00960667 /* Assets.xcassets in Resources */,
			);
			runOnlyForDeploymentPostprocessing = 0;
		};
/* End PBXResourcesBuildPhase section */

/* Begin PBXSourcesBuildPhase section */
		D8C4818828392F9B00960667 /* Sources */ = {
			isa = PBXSourcesBuildPhase;
			buildActionMask = 2147483647;
			files = (
				D8C481A328393C1300960667 /* LocationManager.swift in Sources */,
				D8C4819228392F9B00960667 /* ContentView.swift in Sources */,
				D8C481A12839316400960667 /* RoutingPage.swift in Sources */,
				D8C4819028392F9B00960667 /* RoadTripBuddyApp.swift in Sources */,
				D8C481A52839499700960667 /* TargetChooser.swift in Sources */,
				D8C481A728395D7B00960667 /* VisualEffectView.swift in Sources */,
			);
			runOnlyForDeploymentPostprocessing = 0;
		};
/* End PBXSourcesBuildPhase section */

/* Begin XCBuildConfiguration section */
		D8C4819828392F9D00960667 /* Debug */ = {
			isa = XCBuildConfiguration;
			buildSettings = {
				ALWAYS_SEARCH_USER_PATHS = NO;
				CLANG_ANALYZER_NONNULL = YES;
				CLANG_ANALYZER_NUMBER_OBJECT_CONVERSION = YES_AGGRESSIVE;
				CLANG_CXX_LANGUAGE_STANDARD = "gnu++17";
				CLANG_CXX_LIBRARY = "libc++";
				CLANG_ENABLE_MODULES = YES;
				CLANG_ENABLE_OBJC_ARC = YES;
				CLANG_ENABLE_OBJC_WEAK = YES;
				CLANG_WARN_BLOCK_CAPTURE_AUTORELEASING = YES;
				CLANG_WARN_BOOL_CONVERSION = YES;
				CLANG_WARN_COMMA = YES;
				CLANG_WARN_CONSTANT_CONVERSION = YES;
				CLANG_WARN_DEPRECATED_OBJC_IMPLEMENTATIONS = YES;
				CLANG_WARN_DIRECT_OBJC_ISA_USAGE = YES_ERROR;
				CLANG_WARN_DOCUMENTATION_COMMENTS = YES;
				CLANG_WARN_EMPTY_BODY = YES;
				CLANG_WARN_ENUM_CONVERSION = YES;
				CLANG_WARN_INFINITE_RECURSION = YES;
				CLANG_WARN_INT_CONVERSION = YES;
				CLANG_WARN_NON_LITERAL_NULL_CONVERSION = YES;
				CLANG_WARN_OBJC_IMPLICIT_RETAIN_SELF = YES;
				CLANG_WARN_OBJC_LITERAL_CONVERSION = YES;
				CLANG_WARN_OBJC_ROOT_CLASS = YES_ERROR;
				CLANG_WARN_QUOTED_INCLUDE_IN_FRAMEWORK_HEADER = YES;
				CLANG_WARN_RANGE_LOOP_ANALYSIS = YES;
				CLANG_WARN_STRICT_PROTOTYPES = YES;
				CLANG_WARN_SUSPICIOUS_MOVE = YES;
				CLANG_WARN_UNGUARDED_AVAILABILITY = YES_AGGRESSIVE;
				CLANG_WARN_UNREACHABLE_CODE = YES;
				CLANG_WARN__DUPLICATE_METHOD_MATCH = YES;
				COPY_PHASE_STRIP = NO;
				DEBUG_INFORMATION_FORMAT = dwarf;
				ENABLE_STRICT_OBJC_MSGSEND = YES;
				ENABLE_TESTABILITY = YES;
				GCC_C_LANGUAGE_STANDARD = gnu11;
				GCC_DYNAMIC_NO_PIC = NO;
				GCC_NO_COMMON_BLOCKS = YES;
				GCC_OPTIMIZATION_LEVEL = 0;
				GCC_PREPROCESSOR_DEFINITIONS = (
					"DEBUG=1",
					"$(inherited)",
				);
				GCC_WARN_64_TO_32_BIT_CONVERSION = YES;
				GCC_WARN_ABOUT_RETURN_TYPE = YES_ERROR;
				GCC_WARN_UNDECLARED_SELECTOR = YES;
				GCC_WARN_UNINITIALIZED_AUTOS = YES_AGGRESSIVE;
				GCC_WARN_UNUSED_FUNCTION = YES;
				GCC_WARN_UNUSED_VARIABLE = YES;
				IPHONEOS_DEPLOYMENT_TARGET = 15.2;
				MTL_ENABLE_DEBUG_INFO = INCLUDE_SOURCE;
				MTL_FAST_MATH = YES;
				ONLY_ACTIVE_ARCH = YES;
				SDKROOT = iphoneos;
				SWIFT_ACTIVE_COMPILATION_CONDITIONS = DEBUG;
				SWIFT_OPTIMIZATION_LEVEL = "-Onone";
			};
			name = Debug;
		};
		D8C4819928392F9D00960667 /* Release */ = {
			isa = XCBuildConfiguration;
			buildSettings = {
				ALWAYS_SEARCH_USER_PATHS = NO;
				CLANG_ANALYZER_NONNULL = YES;
				CLANG_ANALYZER_NUMBER_OBJECT_CONVERSION = YES_AGGRESSIVE;
				CLANG_CXX_LANGUAGE_STANDARD = "gnu++17";
				CLANG_CXX_LIBRARY = "libc++";
				CLANG_ENABLE_MODULES = YES;
				CLANG_ENABLE_OBJC_ARC = YES;
				CLANG_ENABLE_OBJC_WEAK = YES;
				CLANG_WARN_BLOCK_CAPTURE_AUTORELEASING = YES;
				CLANG_WARN_BOOL_CONVERSION = YES;
				CLANG_WARN_COMMA = YES;
				CLANG_WARN_CONSTANT_CONVERSION = YES;
				CLANG_WARN_DEPRECATED_OBJC_IMPLEMENTATIONS = YES;
				CLANG_WARN_DIRECT_OBJC_ISA_USAGE = YES_ERROR;
				CLANG_WARN_DOCUMENTATION_COMMENTS = YES;
				CLANG_WARN_EMPTY_BODY = YES;
				CLANG_WARN_ENUM_CONVERSION = YES;
				CLANG_WARN_INFINITE_RECURSION = YES;
				CLANG_WARN_INT_CONVERSION = YES;
				CLANG_WARN_NON_LITERAL_NULL_CONVERSION = YES;
				CLANG_WARN_OBJC_IMPLICIT_RETAIN_SELF = YES;
				CLANG_WARN_OBJC_LITERAL_CONVERSION = YES;
				CLANG_WARN_OBJC_ROOT_CLASS = YES_ERROR;
				CLANG_WARN_QUOTED_INCLUDE_IN_FRAMEWORK_HEADER = YES;
				CLANG_WARN_RANGE_LOOP_ANALYSIS = YES;
				CLANG_WARN_STRICT_PROTOTYPES = YES;
				CLANG_WARN_SUSPICIOUS_MOVE = YES;
				CLANG_WARN_UNGUARDED_AVAILABILITY = YES_AGGRESSIVE;
				CLANG_WARN_UNREACHABLE_CODE = YES;
				CLANG_WARN__DUPLICATE_METHOD_MATCH = YES;
				COPY_PHASE_STRIP = NO;
				DEBUG_INFORMATION_FORMAT = "dwarf-with-dsym";
				ENABLE_NS_ASSERTIONS = NO;
				ENABLE_STRICT_OBJC_MSGSEND = YES;
				GCC_C_LANGUAGE_STANDARD = gnu11;
				GCC_NO_COMMON_BLOCKS = YES;
				GCC_WARN_64_TO_32_BIT_CONVERSION = YES;
				GCC_WARN_ABOUT_RETURN_TYPE = YES_ERROR;
				GCC_WARN_UNDECLARED_SELECTOR = YES;
				GCC_WARN_UNINITIALIZED_AUTOS = YES_AGGRESSIVE;
				GCC_WARN_UNUSED_FUNCTION = YES;
				GCC_WARN_UNUSED_VARIABLE = YES;
				IPHONEOS_DEPLOYMENT_TARGET = 15.2;
				MTL_ENABLE_DEBUG_INFO = NO;
				MTL_FAST_MATH = YES;
				SDKROOT = iphoneos;
				SWIFT_COMPILATION_MODE = wholemodule;
				SWIFT_OPTIMIZATION_LEVEL = "-O";
				VALIDATE_PRODUCT = YES;
			};
			name = Release;
		};
		D8C4819B28392F9D00960667 /* Debug */ = {
			isa = XCBuildConfiguration;
			buildSettings = {
				ASSETCATALOG_COMPILER_APPICON_NAME = AppIcon;
				ASSETCATALOG_COMPILER_GLOBAL_ACCENT_COLOR_NAME = AccentColor;
				CODE_SIGN_STYLE = Automatic;
				CURRENT_PROJECT_VERSION = 1;
				DEVELOPMENT_ASSET_PATHS = "\"RoadTripBuddy/Preview Content\"";
				DEVELOPMENT_TEAM = 7WX55WJZC8;
				ENABLE_PREVIEWS = YES;
				GENERATE_INFOPLIST_FILE = YES;
				INFOPLIST_KEY_NSLocationWhenInUseUsageDescription = "your location is needed for mapping";
				INFOPLIST_KEY_UIApplicationSceneManifest_Generation = YES;
				INFOPLIST_KEY_UIApplicationSupportsIndirectInputEvents = YES;
				INFOPLIST_KEY_UILaunchScreen_Generation = YES;
				INFOPLIST_KEY_UISupportedInterfaceOrientations_iPad = "UIInterfaceOrientationPortrait UIInterfaceOrientationPortraitUpsideDown UIInterfaceOrientationLandscapeLeft UIInterfaceOrientationLandscapeRight";
				INFOPLIST_KEY_UISupportedInterfaceOrientations_iPhone = "UIInterfaceOrientationPortrait UIInterfaceOrientationLandscapeLeft UIInterfaceOrientationLandscapeRight";
				LD_RUNPATH_SEARCH_PATHS = (
					"$(inherited)",
					"@executable_path/Frameworks",
				);
				MARKETING_VERSION = 1.0;
				PRODUCT_BUNDLE_IDENTIFIER = com.sanjithudupa.RoadTripBuddy;
				PRODUCT_NAME = "$(TARGET_NAME)";
				SWIFT_EMIT_LOC_STRINGS = YES;
				SWIFT_VERSION = 5.0;
				TARGETED_DEVICE_FAMILY = "1,2";
			};
			name = Debug;
		};
		D8C4819C28392F9D00960667 /* Release */ = {
			isa = XCBuildConfiguration;
			buildSettings = {
				ASSETCATALOG_COMPILER_APPICON_NAME = AppIcon;
				ASSETCATALOG_COMPILER_GLOBAL_ACCENT_COLOR_NAME = AccentColor;
				CODE_SIGN_STYLE = Automatic;
				CURRENT_PROJECT_VERSION = 1;
				DEVELOPMENT_ASSET_PATHS = "\"RoadTripBuddy/Preview Content\"";
				DEVELOPMENT_TEAM = 7WX55WJZC8;
				ENABLE_PREVIEWS = YES;
				GENERATE_INFOPLIST_FILE = YES;
				INFOPLIST_KEY_NSLocationWhenInUseUsageDescription = "your location is needed for mapping";
				INFOPLIST_KEY_UIApplicationSceneManifest_Generation = YES;
				INFOPLIST_KEY_UIApplicationSupportsIndirectInputEvents = YES;
				INFOPLIST_KEY_UILaunchScreen_Generation = YES;
				INFOPLIST_KEY_UISupportedInterfaceOrientations_iPad = "UIInterfaceOrientationPortrait UIInterfaceOrientationPortraitUpsideDown UIInterfaceOrientationLandscapeLeft UIInterfaceOrientationLandscapeRight";
				INFOPLIST_KEY_UISupportedInterfaceOrientations_iPhone = "UIInterfaceOrientationPortrait UIInterfaceOrientationLandscapeLeft UIInterfaceOrientationLandscapeRight";
				LD_RUNPATH_SEARCH_PATHS = (
					"$(inherited)",
					"@executable_path/Frameworks",
				);
				MARKETING_VERSION = 1.0;
				PRODUCT_BUNDLE_IDENTIFIER = com.sanjithudupa.RoadTripBuddy;
				PRODUCT_NAME = "$(TARGET_NAME)";
				SWIFT_EMIT_LOC_STRINGS = YES;
				SWIFT_VERSION = 5.0;
				TARGETED_DEVICE_FAMILY = "1,2";
			};
			name = Release;
		};
/* End XCBuildConfiguration section */

/* Begin XCConfigurationList section */
		D8C4818728392F9B00960667 /* Build configuration list for PBXProject "RoadTripBuddy" */ = {
			isa = XCConfigurationList;
			buildConfigurations = (
				D8C4819828392F9D00960667 /* Debug */,
				D8C4819928392F9D00960667 /* Release */,
			);
			defaultConfigurationIsVisible = 0;
			defaultConfigurationName = Release;
		};
		D8C4819A28392F9D00960667 /* Build configuration list for PBXNativeTarget "RoadTripBuddy" */ = {
			isa = XCConfigurationList;
			buildConfigurations = (
				D8C4819B28392F9D00960667 /* Debug */,
				D8C4819C28392F9D00960667 /* Release */,
			);
			defaultConfigurationIsVisible = 0;
			defaultConfigurationName = Release;
		};
/* End XCConfigurationList section */
	};
	rootObject = D8C4818428392F9B00960667 /* Project object */;
}
